// !$*UTF8*$!
{
	archiveVersion = 1;
	classes = {
	};
	objectVersion = 56;
	objects = {

/* Begin PBXBuildFile section */
		840946B82B8AF00C0097CE7E /* jpapexpredators.json in Resources */ = {isa = PBXBuildFile; fileRef = 840946B72B8AF00C0097CE7E /* jpapexpredators.json */; };
		8421FBEA2B75612A009228BC /* Launch Screen.storyboard in Resources */ = {isa = PBXBuildFile; fileRef = 8421FBE92B75612A009228BC /* Launch Screen.storyboard */; };
		844436312B62E157001E4DEE /* PredatorDetail.swift in Sources */ = {isa = PBXBuildFile; fileRef = 844436302B62E157001E4DEE /* PredatorDetail.swift */; };
		8447D06A2B5DCA3900650BDD /* JP_Apex_PredatorsApp.swift in Sources */ = {isa = PBXBuildFile; fileRef = 8447D0692B5DCA3900650BDD /* JP_Apex_PredatorsApp.swift */; };
		8447D06C2B5DCA3900650BDD /* ContentView.swift in Sources */ = {isa = PBXBuildFile; fileRef = 8447D06B2B5DCA3900650BDD /* ContentView.swift */; };
		8447D06E2B5DCA3E00650BDD /* Assets.xcassets in Resources */ = {isa = PBXBuildFile; fileRef = 8447D06D2B5DCA3E00650BDD /* Assets.xcassets */; };
		8447D0722B5DCA3E00650BDD /* Preview Assets.xcassets in Resources */ = {isa = PBXBuildFile; fileRef = 8447D0712B5DCA3E00650BDD /* Preview Assets.xcassets */; };
		8447D07B2B5E175B00650BDD /* ApexPredator.swift in Sources */ = {isa = PBXBuildFile; fileRef = 8447D07A2B5E175B00650BDD /* ApexPredator.swift */; };
		8447D07D2B5E196100650BDD /* PredatorController.swift in Sources */ = {isa = PBXBuildFile; fileRef = 8447D07C2B5E196100650BDD /* PredatorController.swift */; };
		8447D07F2B5E264400650BDD /* PredatorRow.swift in Sources */ = {isa = PBXBuildFile; fileRef = 8447D07E2B5E264400650BDD /* PredatorRow.swift */; };
		84B91D722B74919B007508CE /* Subsonic in Frameworks */ = {isa = PBXBuildFile; productRef = 84B91D712B74919B007508CE /* Subsonic */; };
		84B91D752B7497C0007508CE /* tyrannosaurusrex.mp3 in Resources */ = {isa = PBXBuildFile; fileRef = 84B91D732B7497C0007508CE /* tyrannosaurusrex.mp3 */; };
		84B91D762B7497C0007508CE /* velociraptor.mp3 in Resources */ = {isa = PBXBuildFile; fileRef = 84B91D742B7497C0007508CE /* velociraptor.mp3 */; };
		84B91D842B74A5E2007508CE /* dimorphodon.mp3 in Resources */ = {isa = PBXBuildFile; fileRef = 84B91D782B74A5DE007508CE /* dimorphodon.mp3 */; };
		84B91D852B74A5E2007508CE /* compsognathus.mp3 in Resources */ = {isa = PBXBuildFile; fileRef = 84B91D792B74A5DE007508CE /* compsognathus.mp3 */; };
		84B91D862B74A5E2007508CE /* carnotaurus.mp3 in Resources */ = {isa = PBXBuildFile; fileRef = 84B91D7A2B74A5DF007508CE /* carnotaurus.mp3 */; };
		84B91D872B74A5E2007508CE /* giganotosaurus.mp3 in Resources */ = {isa = PBXBuildFile; fileRef = 84B91D7B2B74A5DF007508CE /* giganotosaurus.mp3 */; };
		84B91D882B74A5E2007508CE /* indoraptor.mp3 in Resources */ = {isa = PBXBuildFile; fileRef = 84B91D7C2B74A5DF007508CE /* indoraptor.mp3 */; };
		84B91D892B74A5E2007508CE /* pachycephalosaurus.mp3 in Resources */ = {isa = PBXBuildFile; fileRef = 84B91D7D2B74A5E0007508CE /* pachycephalosaurus.mp3 */; };
		84B91D8A2B74A5E2007508CE /* pteranodon.mp3 in Resources */ = {isa = PBXBuildFile; fileRef = 84B91D7E2B74A5E0007508CE /* pteranodon.mp3 */; };
		84B91D8B2B74A5E2007508CE /* spinosaurus.mp3 in Resources */ = {isa = PBXBuildFile; fileRef = 84B91D7F2B74A5E0007508CE /* spinosaurus.mp3 */; };
		84B91D8C2B74A5E2007508CE /* stegosaurus.mp3 in Resources */ = {isa = PBXBuildFile; fileRef = 84B91D802B74A5E1007508CE /* stegosaurus.mp3 */; };
		84B91D8D2B74A5E2007508CE /* allosaurus.mp3 in Resources */ = {isa = PBXBuildFile; fileRef = 84B91D812B74A5E1007508CE /* allosaurus.mp3 */; };
		84B91D8E2B74A5E2007508CE /* brachiosaurus.mp3 in Resources */ = {isa = PBXBuildFile; fileRef = 84B91D822B74A5E1007508CE /* brachiosaurus.mp3 */; };
		84B91D8F2B74A5E2007508CE /* dilophosaurus.mp3 in Resources */ = {isa = PBXBuildFile; fileRef = 84B91D832B74A5E2007508CE /* dilophosaurus.mp3 */; };
		84BAD8152B74840A00404057 /* PredatorCard.swift in Sources */ = {isa = PBXBuildFile; fileRef = 84BAD8142B74840A00404057 /* PredatorCard.swift */; };
		84C51F5C2B64BCEB009A45E9 /* PredatorMap.swift in Sources */ = {isa = PBXBuildFile; fileRef = 84C51F5B2B64BCEB009A45E9 /* PredatorMap.swift */; };
		84C51F6E2B64CC6E009A45E9 /* DetailTip.swift in Sources */ = {isa = PBXBuildFile; fileRef = 84C51F6D2B64CC6E009A45E9 /* DetailTip.swift */; };
/* End PBXBuildFile section */

/* Begin PBXFileReference section */
		840946B72B8AF00C0097CE7E /* jpapexpredators.json */ = {isa = PBXFileReference; fileEncoding = 4; lastKnownFileType = text.json; path = jpapexpredators.json; sourceTree = "<group>"; };
		8421FBE92B75612A009228BC /* Launch Screen.storyboard */ = {isa = PBXFileReference; lastKnownFileType = file.storyboard; path = "Launch Screen.storyboard"; sourceTree = "<group>"; };
		844436302B62E157001E4DEE /* PredatorDetail.swift */ = {isa = PBXFileReference; lastKnownFileType = sourcecode.swift; path = PredatorDetail.swift; sourceTree = "<group>"; };
		8447D0662B5DCA3900650BDD /* JP Apex Predators.app */ = {isa = PBXFileReference; explicitFileType = wrapper.application; includeInIndex = 0; path = "JP Apex Predators.app"; sourceTree = BUILT_PRODUCTS_DIR; };
		8447D0692B5DCA3900650BDD /* JP_Apex_PredatorsApp.swift */ = {isa = PBXFileReference; lastKnownFileType = sourcecode.swift; path = JP_Apex_PredatorsApp.swift; sourceTree = "<group>"; };
		8447D06B2B5DCA3900650BDD /* ContentView.swift */ = {isa = PBXFileReference; lastKnownFileType = sourcecode.swift; path = ContentView.swift; sourceTree = "<group>"; };
		8447D06D2B5DCA3E00650BDD /* Assets.xcassets */ = {isa = PBXFileReference; lastKnownFileType = folder.assetcatalog; path = Assets.xcassets; sourceTree = "<group>"; };
		8447D06F2B5DCA3E00650BDD /* JP_Apex_Predators.entitlements */ = {isa = PBXFileReference; lastKnownFileType = text.plist.entitlements; path = JP_Apex_Predators.entitlements; sourceTree = "<group>"; };
		8447D0712B5DCA3E00650BDD /* Preview Assets.xcassets */ = {isa = PBXFileReference; lastKnownFileType = folder.assetcatalog; path = "Preview Assets.xcassets"; sourceTree = "<group>"; };
		8447D07A2B5E175B00650BDD /* ApexPredator.swift */ = {isa = PBXFileReference; lastKnownFileType = sourcecode.swift; path = ApexPredator.swift; sourceTree = "<group>"; };
		8447D07C2B5E196100650BDD /* PredatorController.swift */ = {isa = PBXFileReference; lastKnownFileType = sourcecode.swift; path = PredatorController.swift; sourceTree = "<group>"; };
		8447D07E2B5E264400650BDD /* PredatorRow.swift */ = {isa = PBXFileReference; lastKnownFileType = sourcecode.swift; path = PredatorRow.swift; sourceTree = "<group>"; };
		84B91D732B7497C0007508CE /* tyrannosaurusrex.mp3 */ = {isa = PBXFileReference; lastKnownFileType = audio.mp3; path = tyrannosaurusrex.mp3; sourceTree = "<group>"; };
		84B91D742B7497C0007508CE /* velociraptor.mp3 */ = {isa = PBXFileReference; lastKnownFileType = audio.mp3; path = velociraptor.mp3; sourceTree = "<group>"; };
		84B91D782B74A5DE007508CE /* dimorphodon.mp3 */ = {isa = PBXFileReference; lastKnownFileType = audio.mp3; path = dimorphodon.mp3; sourceTree = "<group>"; };
		84B91D792B74A5DE007508CE /* compsognathus.mp3 */ = {isa = PBXFileReference; lastKnownFileType = audio.mp3; path = compsognathus.mp3; sourceTree = "<group>"; };
		84B91D7A2B74A5DF007508CE /* carnotaurus.mp3 */ = {isa = PBXFileReference; lastKnownFileType = audio.mp3; path = carnotaurus.mp3; sourceTree = "<group>"; };
		84B91D7B2B74A5DF007508CE /* giganotosaurus.mp3 */ = {isa = PBXFileReference; lastKnownFileType = audio.mp3; path = giganotosaurus.mp3; sourceTree = "<group>"; };
		84B91D7C2B74A5DF007508CE /* indoraptor.mp3 */ = {isa = PBXFileReference; lastKnownFileType = audio.mp3; path = indoraptor.mp3; sourceTree = "<group>"; };
		84B91D7D2B74A5E0007508CE /* pachycephalosaurus.mp3 */ = {isa = PBXFileReference; lastKnownFileType = audio.mp3; path = pachycephalosaurus.mp3; sourceTree = "<group>"; };
		84B91D7E2B74A5E0007508CE /* pteranodon.mp3 */ = {isa = PBXFileReference; lastKnownFileType = audio.mp3; path = pteranodon.mp3; sourceTree = "<group>"; };
		84B91D7F2B74A5E0007508CE /* spinosaurus.mp3 */ = {isa = PBXFileReference; lastKnownFileType = audio.mp3; path = spinosaurus.mp3; sourceTree = "<group>"; };
		84B91D802B74A5E1007508CE /* stegosaurus.mp3 */ = {isa = PBXFileReference; lastKnownFileType = audio.mp3; path = stegosaurus.mp3; sourceTree = "<group>"; };
		84B91D812B74A5E1007508CE /* allosaurus.mp3 */ = {isa = PBXFileReference; lastKnownFileType = audio.mp3; path = allosaurus.mp3; sourceTree = "<group>"; };
		84B91D822B74A5E1007508CE /* brachiosaurus.mp3 */ = {isa = PBXFileReference; lastKnownFileType = audio.mp3; path = brachiosaurus.mp3; sourceTree = "<group>"; };
		84B91D832B74A5E2007508CE /* dilophosaurus.mp3 */ = {isa = PBXFileReference; lastKnownFileType = audio.mp3; path = dilophosaurus.mp3; sourceTree = "<group>"; };
		84BAD8142B74840A00404057 /* PredatorCard.swift */ = {isa = PBXFileReference; lastKnownFileType = sourcecode.swift; path = PredatorCard.swift; sourceTree = "<group>"; };
		84C51F5B2B64BCEB009A45E9 /* PredatorMap.swift */ = {isa = PBXFileReference; lastKnownFileType = sourcecode.swift; path = PredatorMap.swift; sourceTree = "<group>"; };
		84C51F5F2B64C517009A45E9 /* ApexStickers.appex */ = {isa = PBXFileReference; explicitFileType = "wrapper.app-extension"; includeInIndex = 0; path = ApexStickers.appex; sourceTree = BUILT_PRODUCTS_DIR; };
		84C51F6D2B64CC6E009A45E9 /* DetailTip.swift */ = {isa = PBXFileReference; lastKnownFileType = sourcecode.swift; path = DetailTip.swift; sourceTree = "<group>"; };
/* End PBXFileReference section */

/* Begin PBXFrameworksBuildPhase section */
		8447D0632B5DCA3900650BDD /* Frameworks */ = {
			isa = PBXFrameworksBuildPhase;
			buildActionMask = 2147483647;
			files = (
				84B91D722B74919B007508CE /* Subsonic in Frameworks */,
			);
			runOnlyForDeploymentPostprocessing = 0;
		};
/* End PBXFrameworksBuildPhase section */

/* Begin PBXGroup section */
		8447D05D2B5DCA3800650BDD = {
			isa = PBXGroup;
			children = (
				8447D0682B5DCA3900650BDD /* JP Apex Predators */,
				8447D0672B5DCA3900650BDD /* Products */,
			);
			sourceTree = "<group>";
		};
		8447D0672B5DCA3900650BDD /* Products */ = {
			isa = PBXGroup;
			children = (
				8447D0662B5DCA3900650BDD /* JP Apex Predators.app */,
				84C51F5F2B64C517009A45E9 /* ApexStickers.appex */,
			);
			name = Products;
			sourceTree = "<group>";
		};
		8447D0682B5DCA3900650BDD /* JP Apex Predators */ = {
			isa = PBXGroup;
			children = (
				84B91D912B74A6CA007508CE /* App */,
				84B91D922B74A6D8007508CE /* Controller */,
				84B91D932B74A6E6007508CE /* Model */,
				84B91D902B74A6AF007508CE /* Views */,
				84B91D772B749BC3007508CE /* Sounds */,
				840946B72B8AF00C0097CE7E /* jpapexpredators.json */,
				8421FBE92B75612A009228BC /* Launch Screen.storyboard */,
				8447D06D2B5DCA3E00650BDD /* Assets.xcassets */,
				8447D06F2B5DCA3E00650BDD /* JP_Apex_Predators.entitlements */,
				8447D0702B5DCA3E00650BDD /* Preview Content */,
			);
			path = "JP Apex Predators";
			sourceTree = "<group>";
		};
		8447D0702B5DCA3E00650BDD /* Preview Content */ = {
			isa = PBXGroup;
			children = (
				8447D0712B5DCA3E00650BDD /* Preview Assets.xcassets */,
			);
			path = "Preview Content";
			sourceTree = "<group>";
		};
		84B91D772B749BC3007508CE /* Sounds */ = {
			isa = PBXGroup;
			children = (
				84B91D812B74A5E1007508CE /* allosaurus.mp3 */,
				84B91D822B74A5E1007508CE /* brachiosaurus.mp3 */,
				84B91D7A2B74A5DF007508CE /* carnotaurus.mp3 */,
				84B91D792B74A5DE007508CE /* compsognathus.mp3 */,
				84B91D832B74A5E2007508CE /* dilophosaurus.mp3 */,
				84B91D782B74A5DE007508CE /* dimorphodon.mp3 */,
				84B91D7B2B74A5DF007508CE /* giganotosaurus.mp3 */,
				84B91D7C2B74A5DF007508CE /* indoraptor.mp3 */,
				84B91D7D2B74A5E0007508CE /* pachycephalosaurus.mp3 */,
				84B91D7E2B74A5E0007508CE /* pteranodon.mp3 */,
				84B91D7F2B74A5E0007508CE /* spinosaurus.mp3 */,
				84B91D802B74A5E1007508CE /* stegosaurus.mp3 */,
				84B91D732B7497C0007508CE /* tyrannosaurusrex.mp3 */,
				84B91D742B7497C0007508CE /* velociraptor.mp3 */,
			);
			path = Sounds;
			sourceTree = "<group>";
		};
		84B91D902B74A6AF007508CE /* Views */ = {
			isa = PBXGroup;
			children = (
				8447D06B2B5DCA3900650BDD /* ContentView.swift */,
				844436302B62E157001E4DEE /* PredatorDetail.swift */,
				84C51F6D2B64CC6E009A45E9 /* DetailTip.swift */,
				84C51F5B2B64BCEB009A45E9 /* PredatorMap.swift */,
				8447D07E2B5E264400650BDD /* PredatorRow.swift */,
				84BAD8142B74840A00404057 /* PredatorCard.swift */,
			);
			path = Views;
			sourceTree = "<group>";
		};
		84B91D912B74A6CA007508CE /* App */ = {
			isa = PBXGroup;
			children = (
				8447D0692B5DCA3900650BDD /* JP_Apex_PredatorsApp.swift */,
			);
			path = App;
			sourceTree = "<group>";
		};
		84B91D922B74A6D8007508CE /* Controller */ = {
			isa = PBXGroup;
			children = (
				8447D07C2B5E196100650BDD /* PredatorController.swift */,
			);
			path = Controller;
			sourceTree = "<group>";
		};
		84B91D932B74A6E6007508CE /* Model */ = {
			isa = PBXGroup;
			children = (
				8447D07A2B5E175B00650BDD /* ApexPredator.swift */,
			);
			path = Model;
			sourceTree = "<group>";
		};
/* End PBXGroup section */

/* Begin PBXNativeTarget section */
		8447D0652B5DCA3900650BDD /* JP Apex Predators */ = {
			isa = PBXNativeTarget;
			buildConfigurationList = 8447D0752B5DCA3E00650BDD /* Build configuration list for PBXNativeTarget "JP Apex Predators" */;
			buildPhases = (
				8447D0622B5DCA3900650BDD /* Sources */,
				8447D0632B5DCA3900650BDD /* Frameworks */,
				8447D0642B5DCA3900650BDD /* Resources */,
			);
			buildRules = (
			);
			dependencies = (
			);
			name = "JP Apex Predators";
			packageProductDependencies = (
				84B91D712B74919B007508CE /* Subsonic */,
			);
			productName = "JP Apex Predators";
			productReference = 8447D0662B5DCA3900650BDD /* JP Apex Predators.app */;
			productType = "com.apple.product-type.application";
		};
		84C51F5E2B64C517009A45E9 /* ApexStickers */ = {
			isa = PBXNativeTarget;
			buildConfigurationList = 84C51F672B64C51E009A45E9 /* Build configuration list for PBXNativeTarget "ApexStickers" */;
			buildPhases = (
				84C51F5D2B64C517009A45E9 /* Resources */,
			);
			buildRules = (
			);
			dependencies = (
			);
			name = ApexStickers;
			productName = ApexStickers;
			productReference = 84C51F5F2B64C517009A45E9 /* ApexStickers.appex */;
			productType = "com.apple.product-type.app-extension.messages-sticker-pack";
		};
/* End PBXNativeTarget section */

/* Begin PBXProject section */
		8447D05E2B5DCA3800650BDD /* Project object */ = {
			isa = PBXProject;
			attributes = {
				BuildIndependentTargetsInParallel = 1;
				LastSwiftUpdateCheck = 1520;
				LastUpgradeCheck = 1520;
				TargetAttributes = {
					8447D0652B5DCA3900650BDD = {
						CreatedOnToolsVersion = 15.2;
					};
					84C51F5E2B64C517009A45E9 = {
						CreatedOnToolsVersion = 15.2;
					};
				};
			};
			buildConfigurationList = 8447D0612B5DCA3800650BDD /* Build configuration list for PBXProject "JP Apex Predators" */;
			compatibilityVersion = "Xcode 14.0";
			developmentRegion = en;
			hasScannedForEncodings = 0;
			knownRegions = (
				en,
				Base,
			);
			mainGroup = 8447D05D2B5DCA3800650BDD;
			packageReferences = (
				84B91D702B74919B007508CE /* XCRemoteSwiftPackageReference "Subsonic" */,
			);
			productRefGroup = 8447D0672B5DCA3900650BDD /* Products */;
			projectDirPath = "";
			projectRoot = "";
			targets = (
				8447D0652B5DCA3900650BDD /* JP Apex Predators */,
				84C51F5E2B64C517009A45E9 /* ApexStickers */,
			);
		};
/* End PBXProject section */

/* Begin PBXResourcesBuildPhase section */
		8447D0642B5DCA3900650BDD /* Resources */ = {
			isa = PBXResourcesBuildPhase;
			buildActionMask = 2147483647;
			files = (
				84B91D8D2B74A5E2007508CE /* allosaurus.mp3 in Resources */,
				8447D0722B5DCA3E00650BDD /* Preview Assets.xcassets in Resources */,
				8447D06E2B5DCA3E00650BDD /* Assets.xcassets in Resources */,
				84B91D8A2B74A5E2007508CE /* pteranodon.mp3 in Resources */,
				84B91D892B74A5E2007508CE /* pachycephalosaurus.mp3 in Resources */,
				84B91D842B74A5E2007508CE /* dimorphodon.mp3 in Resources */,
				840946B82B8AF00C0097CE7E /* jpapexpredators.json in Resources */,
				84B91D852B74A5E2007508CE /* compsognathus.mp3 in Resources */,
				84B91D862B74A5E2007508CE /* carnotaurus.mp3 in Resources */,
				84B91D762B7497C0007508CE /* velociraptor.mp3 in Resources */,
				84B91D8F2B74A5E2007508CE /* dilophosaurus.mp3 in Resources */,
				84B91D8B2B74A5E2007508CE /* spinosaurus.mp3 in Resources */,
				84B91D8E2B74A5E2007508CE /* brachiosaurus.mp3 in Resources */,
				8421FBEA2B75612A009228BC /* Launch Screen.storyboard in Resources */,
				84B91D882B74A5E2007508CE /* indoraptor.mp3 in Resources */,
				84B91D872B74A5E2007508CE /* giganotosaurus.mp3 in Resources */,
				84B91D8C2B74A5E2007508CE /* stegosaurus.mp3 in Resources */,
				84B91D752B7497C0007508CE /* tyrannosaurusrex.mp3 in Resources */,
			);
			runOnlyForDeploymentPostprocessing = 0;
		};
		84C51F5D2B64C517009A45E9 /* Resources */ = {
			isa = PBXResourcesBuildPhase;
			buildActionMask = 2147483647;
			files = (
			);
			runOnlyForDeploymentPostprocessing = 0;
		};
/* End PBXResourcesBuildPhase section */

/* Begin PBXSourcesBuildPhase section */
		8447D0622B5DCA3900650BDD /* Sources */ = {
			isa = PBXSourcesBuildPhase;
			buildActionMask = 2147483647;
			files = (
				84BAD8152B74840A00404057 /* PredatorCard.swift in Sources */,
				8447D07D2B5E196100650BDD /* PredatorController.swift in Sources */,
				84C51F5C2B64BCEB009A45E9 /* PredatorMap.swift in Sources */,
				84C51F6E2B64CC6E009A45E9 /* DetailTip.swift in Sources */,
				8447D07B2B5E175B00650BDD /* ApexPredator.swift in Sources */,
				8447D06C2B5DCA3900650BDD /* ContentView.swift in Sources */,
				844436312B62E157001E4DEE /* PredatorDetail.swift in Sources */,
				8447D06A2B5DCA3900650BDD /* JP_Apex_PredatorsApp.swift in Sources */,
				8447D07F2B5E264400650BDD /* PredatorRow.swift in Sources */,
			);
			runOnlyForDeploymentPostprocessing = 0;
		};
/* End PBXSourcesBuildPhase section */

/* Begin XCBuildConfiguration section */
		8447D0732B5DCA3E00650BDD /* Debug */ = {
			isa = XCBuildConfiguration;
			buildSettings = {
				ALWAYS_SEARCH_USER_PATHS = NO;
				ASSETCATALOG_COMPILER_GENERATE_SWIFT_ASSET_SYMBOL_EXTENSIONS = YES;
				CLANG_ANALYZER_NONNULL = YES;
				CLANG_ANALYZER_NUMBER_OBJECT_CONVERSION = YES_AGGRESSIVE;
				CLANG_CXX_LANGUAGE_STANDARD = "gnu++20";
				CLANG_ENABLE_MODULES = YES;
				CLANG_ENABLE_OBJC_ARC = YES;
				CLANG_ENABLE_OBJC_WEAK = YES;
				CLANG_WARN_BLOCK_CAPTURE_AUTORELEASING = YES;
				CLANG_WARN_BOOL_CONVERSION = YES;
				CLANG_WARN_COMMA = YES;
				CLANG_WARN_CONSTANT_CONVERSION = YES;
				CLANG_WARN_DEPRECATED_OBJC_IMPLEMENTATIONS = YES;
				CLANG_WARN_DIRECT_OBJC_ISA_USAGE = YES_ERROR;
				CLANG_WARN_DOCUMENTATION_COMMENTS = YES;
				CLANG_WARN_EMPTY_BODY = YES;
				CLANG_WARN_ENUM_CONVERSION = YES;
				CLANG_WARN_INFINITE_RECURSION = YES;
				CLANG_WARN_INT_CONVERSION = YES;
				CLANG_WARN_NON_LITERAL_NULL_CONVERSION = YES;
				CLANG_WARN_OBJC_IMPLICIT_RETAIN_SELF = YES;
				CLANG_WARN_OBJC_LITERAL_CONVERSION = YES;
				CLANG_WARN_OBJC_ROOT_CLASS = YES_ERROR;
				CLANG_WARN_QUOTED_INCLUDE_IN_FRAMEWORK_HEADER = YES;
				CLANG_WARN_RANGE_LOOP_ANALYSIS = YES;
				CLANG_WARN_STRICT_PROTOTYPES = YES;
				CLANG_WARN_SUSPICIOUS_MOVE = YES;
				CLANG_WARN_UNGUARDED_AVAILABILITY = YES_AGGRESSIVE;
				CLANG_WARN_UNREACHABLE_CODE = YES;
				CLANG_WARN__DUPLICATE_METHOD_MATCH = YES;
				COPY_PHASE_STRIP = NO;
				DEBUG_INFORMATION_FORMAT = dwarf;
				ENABLE_STRICT_OBJC_MSGSEND = YES;
				ENABLE_TESTABILITY = YES;
				ENABLE_USER_SCRIPT_SANDBOXING = YES;
				GCC_C_LANGUAGE_STANDARD = gnu17;
				GCC_DYNAMIC_NO_PIC = NO;
				GCC_NO_COMMON_BLOCKS = YES;
				GCC_OPTIMIZATION_LEVEL = 0;
				GCC_PREPROCESSOR_DEFINITIONS = (
					"DEBUG=1",
					"$(inherited)",
				);
				GCC_WARN_64_TO_32_BIT_CONVERSION = YES;
				GCC_WARN_ABOUT_RETURN_TYPE = YES_ERROR;
				GCC_WARN_UNDECLARED_SELECTOR = YES;
				GCC_WARN_UNINITIALIZED_AUTOS = YES_AGGRESSIVE;
				GCC_WARN_UNUSED_FUNCTION = YES;
				GCC_WARN_UNUSED_VARIABLE = YES;
				LOCALIZATION_PREFERS_STRING_CATALOGS = YES;
				MTL_ENABLE_DEBUG_INFO = INCLUDE_SOURCE;
				MTL_FAST_MATH = YES;
				ONLY_ACTIVE_ARCH = YES;
				SWIFT_ACTIVE_COMPILATION_CONDITIONS = "DEBUG $(inherited)";
				SWIFT_OPTIMIZATION_LEVEL = "-Onone";
			};
			name = Debug;
		};
		8447D0742B5DCA3E00650BDD /* Release */ = {
			isa = XCBuildConfiguration;
			buildSettings = {
				ALWAYS_SEARCH_USER_PATHS = NO;
				ASSETCATALOG_COMPILER_GENERATE_SWIFT_ASSET_SYMBOL_EXTENSIONS = YES;
				CLANG_ANALYZER_NONNULL = YES;
				CLANG_ANALYZER_NUMBER_OBJECT_CONVERSION = YES_AGGRESSIVE;
				CLANG_CXX_LANGUAGE_STANDARD = "gnu++20";
				CLANG_ENABLE_MODULES = YES;
				CLANG_ENABLE_OBJC_ARC = YES;
				CLANG_ENABLE_OBJC_WEAK = YES;
				CLANG_WARN_BLOCK_CAPTURE_AUTORELEASING = YES;
				CLANG_WARN_BOOL_CONVERSION = YES;
				CLANG_WARN_COMMA = YES;
				CLANG_WARN_CONSTANT_CONVERSION = YES;
				CLANG_WARN_DEPRECATED_OBJC_IMPLEMENTATIONS = YES;
				CLANG_WARN_DIRECT_OBJC_ISA_USAGE = YES_ERROR;
				CLANG_WARN_DOCUMENTATION_COMMENTS = YES;
				CLANG_WARN_EMPTY_BODY = YES;
				CLANG_WARN_ENUM_CONVERSION = YES;
				CLANG_WARN_INFINITE_RECURSION = YES;
				CLANG_WARN_INT_CONVERSION = YES;
				CLANG_WARN_NON_LITERAL_NULL_CONVERSION = YES;
				CLANG_WARN_OBJC_IMPLICIT_RETAIN_SELF = YES;
				CLANG_WARN_OBJC_LITERAL_CONVERSION = YES;
				CLANG_WARN_OBJC_ROOT_CLASS = YES_ERROR;
				CLANG_WARN_QUOTED_INCLUDE_IN_FRAMEWORK_HEADER = YES;
				CLANG_WARN_RANGE_LOOP_ANALYSIS = YES;
				CLANG_WARN_STRICT_PROTOTYPES = YES;
				CLANG_WARN_SUSPICIOUS_MOVE = YES;
				CLANG_WARN_UNGUARDED_AVAILABILITY = YES_AGGRESSIVE;
				CLANG_WARN_UNREACHABLE_CODE = YES;
				CLANG_WARN__DUPLICATE_METHOD_MATCH = YES;
				COPY_PHASE_STRIP = NO;
				DEBUG_INFORMATION_FORMAT = "dwarf-with-dsym";
				ENABLE_NS_ASSERTIONS = NO;
				ENABLE_STRICT_OBJC_MSGSEND = YES;
				ENABLE_USER_SCRIPT_SANDBOXING = YES;
				GCC_C_LANGUAGE_STANDARD = gnu17;
				GCC_NO_COMMON_BLOCKS = YES;
				GCC_WARN_64_TO_32_BIT_CONVERSION = YES;
				GCC_WARN_ABOUT_RETURN_TYPE = YES_ERROR;
				GCC_WARN_UNDECLARED_SELECTOR = YES;
				GCC_WARN_UNINITIALIZED_AUTOS = YES_AGGRESSIVE;
				GCC_WARN_UNUSED_FUNCTION = YES;
				GCC_WARN_UNUSED_VARIABLE = YES;
				LOCALIZATION_PREFERS_STRING_CATALOGS = YES;
				MTL_ENABLE_DEBUG_INFO = NO;
				MTL_FAST_MATH = YES;
				SWIFT_COMPILATION_MODE = wholemodule;
			};
			name = Release;
		};
		8447D0762B5DCA3E00650BDD /* Debug */ = {
			isa = XCBuildConfiguration;
			buildSettings = {
				ASSETCATALOG_COMPILER_APPICON_NAME = AppIcon;
				ASSETCATALOG_COMPILER_GLOBAL_ACCENT_COLOR_NAME = AccentColor;
				CODE_SIGN_ENTITLEMENTS = "JP Apex Predators/JP_Apex_Predators.entitlements";
				CODE_SIGN_STYLE = Automatic;
				CURRENT_PROJECT_VERSION = 1;
				DEVELOPMENT_ASSET_PATHS = "\"JP Apex Predators/Preview Content\"";
				DEVELOPMENT_TEAM = G3CQ4T9TU2;
				ENABLE_HARDENED_RUNTIME = YES;
				ENABLE_PREVIEWS = YES;
				GENERATE_INFOPLIST_FILE = YES;
				INFOPLIST_KEY_CFBundleDisplayName = "Jurassic Journey";
				INFOPLIST_KEY_LSApplicationCategoryType = "public.app-category.entertainment";
				"INFOPLIST_KEY_UIApplicationSceneManifest_Generation[sdk=iphoneos*]" = YES;
				"INFOPLIST_KEY_UIApplicationSceneManifest_Generation[sdk=iphonesimulator*]" = YES;
				"INFOPLIST_KEY_UIApplicationSupportsIndirectInputEvents[sdk=iphoneos*]" = YES;
				"INFOPLIST_KEY_UIApplicationSupportsIndirectInputEvents[sdk=iphonesimulator*]" = YES;
				"INFOPLIST_KEY_UILaunchScreen_Generation[sdk=iphoneos*]" = YES;
				"INFOPLIST_KEY_UILaunchScreen_Generation[sdk=iphonesimulator*]" = YES;
				INFOPLIST_KEY_UILaunchStoryboardName = "Launch Screen.storyboard";
				"INFOPLIST_KEY_UIStatusBarStyle[sdk=iphoneos*]" = UIStatusBarStyleDefault;
				"INFOPLIST_KEY_UIStatusBarStyle[sdk=iphonesimulator*]" = UIStatusBarStyleDefault;
				INFOPLIST_KEY_UISupportedInterfaceOrientations_iPad = "UIInterfaceOrientationPortrait UIInterfaceOrientationPortraitUpsideDown UIInterfaceOrientationLandscapeLeft UIInterfaceOrientationLandscapeRight";
				INFOPLIST_KEY_UISupportedInterfaceOrientations_iPhone = "UIInterfaceOrientationPortrait UIInterfaceOrientationLandscapeLeft UIInterfaceOrientationLandscapeRight";
				IPHONEOS_DEPLOYMENT_TARGET = 17.0;
				LD_RUNPATH_SEARCH_PATHS = "@executable_path/Frameworks";
				"LD_RUNPATH_SEARCH_PATHS[sdk=macosx*]" = "@executable_path/../Frameworks";
				MACOSX_DEPLOYMENT_TARGET = 14.0;
				MARKETING_VERSION = 1.0;
				PRODUCT_BUNDLE_IDENTIFIER = "com.alperensarisan.JP-Apex-Predators";
				PRODUCT_NAME = "$(TARGET_NAME)";
				SDKROOT = auto;
				SUPPORTED_PLATFORMS = "iphoneos iphonesimulator";
				SUPPORTS_MACCATALYST = NO;
				SWIFT_EMIT_LOC_STRINGS = YES;
				SWIFT_VERSION = 5.0;
				TARGETED_DEVICE_FAMILY = "1,2";
			};
			name = Debug;
		};
		8447D0772B5DCA3E00650BDD /* Release */ = {
			isa = XCBuildConfiguration;
			buildSettings = {
				ASSETCATALOG_COMPILER_APPICON_NAME = AppIcon;
				ASSETCATALOG_COMPILER_GLOBAL_ACCENT_COLOR_NAME = AccentColor;
				CODE_SIGN_ENTITLEMENTS = "JP Apex Predators/JP_Apex_Predators.entitlements";
				CODE_SIGN_STYLE = Automatic;
				CURRENT_PROJECT_VERSION = 1;
				DEVELOPMENT_ASSET_PATHS = "\"JP Apex Predators/Preview Content\"";
				DEVELOPMENT_TEAM = G3CQ4T9TU2;
				ENABLE_HARDENED_RUNTIME = YES;
				ENABLE_PREVIEWS = YES;
				GENERATE_INFOPLIST_FILE = YES;
				INFOPLIST_KEY_CFBundleDisplayName = "Jurassic Journey";
				INFOPLIST_KEY_LSApplicationCategoryType = "public.app-category.entertainment";
				"INFOPLIST_KEY_UIApplicationSceneManifest_Generation[sdk=iphoneos*]" = YES;
				"INFOPLIST_KEY_UIApplicationSceneManifest_Generation[sdk=iphonesimulator*]" = YES;
				"INFOPLIST_KEY_UIApplicationSupportsIndirectInputEvents[sdk=iphoneos*]" = YES;
				"INFOPLIST_KEY_UIApplicationSupportsIndirectInputEvents[sdk=iphonesimulator*]" = YES;
				"INFOPLIST_KEY_UILaunchScreen_Generation[sdk=iphoneos*]" = YES;
				"INFOPLIST_KEY_UILaunchScreen_Generation[sdk=iphonesimulator*]" = YES;
				INFOPLIST_KEY_UILaunchStoryboardName = "Launch Screen.storyboard";
				"INFOPLIST_KEY_UIStatusBarStyle[sdk=iphoneos*]" = UIStatusBarStyleDefault;
				"INFOPLIST_KEY_UIStatusBarStyle[sdk=iphonesimulator*]" = UIStatusBarStyleDefault;
				INFOPLIST_KEY_UISupportedInterfaceOrientations_iPad = "UIInterfaceOrientationPortrait UIInterfaceOrientationPortraitUpsideDown UIInterfaceOrientationLandscapeLeft UIInterfaceOrientationLandscapeRight";
				INFOPLIST_KEY_UISupportedInterfaceOrientations_iPhone = "UIInterfaceOrientationPortrait UIInterfaceOrientationLandscapeLeft UIInterfaceOrientationLandscapeRight";
				IPHONEOS_DEPLOYMENT_TARGET = 17.0;
				LD_RUNPATH_SEARCH_PATHS = "@executable_path/Frameworks";
				"LD_RUNPATH_SEARCH_PATHS[sdk=macosx*]" = "@executable_path/../Frameworks";
				MACOSX_DEPLOYMENT_TARGET = 14.0;
				MARKETING_VERSION = 1.0;
				PRODUCT_BUNDLE_IDENTIFIER = "com.alperensarisan.JP-Apex-Predators";
				PRODUCT_NAME = "$(TARGET_NAME)";
				SDKROOT = auto;
				SUPPORTED_PLATFORMS = "iphoneos iphonesimulator";
				SUPPORTS_MACCATALYST = NO;
				SWIFT_EMIT_LOC_STRINGS = YES;
				SWIFT_VERSION = 5.0;
				TARGETED_DEVICE_FAMILY = "1,2";
			};
			name = Release;
		};
		84C51F682B64C51E009A45E9 /* Debug */ = {
			isa = XCBuildConfiguration;
			buildSettings = {
				ASSETCATALOG_COMPILER_APPICON_NAME = "iMessage App Icon";
				CODE_SIGN_STYLE = Automatic;
				CURRENT_PROJECT_VERSION = 1;
				DEVELOPMENT_TEAM = G3CQ4T9TU2;
				GENERATE_INFOPLIST_FILE = YES;
				INFOPLIST_FILE = ApexStickers/Info.plist;
				INFOPLIST_KEY_NSStickerSharingLevel = OS;
				IPHONEOS_DEPLOYMENT_TARGET = 17.2;
				MARKETING_VERSION = 1.0;
				PRODUCT_BUNDLE_IDENTIFIER = "com.alperensarisan.JP-Apex-Predators.ApexStickers";
				PRODUCT_NAME = "$(TARGET_NAME)";
				SDKROOT = iphoneos;
				SKIP_INSTALL = YES;
				SWIFT_EMIT_LOC_STRINGS = YES;
				TARGETED_DEVICE_FAMILY = "1,2";
			};
			name = Debug;
		};
		84C51F692B64C51E009A45E9 /* Release */ = {
			isa = XCBuildConfiguration;
			buildSettings = {
				ASSETCATALOG_COMPILER_APPICON_NAME = "iMessage App Icon";
				CODE_SIGN_STYLE = Automatic;
				CURRENT_PROJECT_VERSION = 1;
				DEVELOPMENT_TEAM = G3CQ4T9TU2;
				GENERATE_INFOPLIST_FILE = YES;
				INFOPLIST_FILE = ApexStickers/Info.plist;
				INFOPLIST_KEY_NSStickerSharingLevel = OS;
				IPHONEOS_DEPLOYMENT_TARGET = 17.2;
				MARKETING_VERSION = 1.0;
				PRODUCT_BUNDLE_IDENTIFIER = "com.alperensarisan.JP-Apex-Predators.ApexStickers";
				PRODUCT_NAME = "$(TARGET_NAME)";
				SDKROOT = iphoneos;
				SKIP_INSTALL = YES;
				SWIFT_EMIT_LOC_STRINGS = YES;
				TARGETED_DEVICE_FAMILY = "1,2";
				VALIDATE_PRODUCT = YES;
			};
			name = Release;
		};
/* End XCBuildConfiguration section */

/* Begin XCConfigurationList section */
		8447D0612B5DCA3800650BDD /* Build configuration list for PBXProject "JP Apex Predators" */ = {
			isa = XCConfigurationList;
			buildConfigurations = (
				8447D0732B5DCA3E00650BDD /* Debug */,
				8447D0742B5DCA3E00650BDD /* Release */,
			);
			defaultConfigurationIsVisible = 0;
			defaultConfigurationName = Release;
		};
		8447D0752B5DCA3E00650BDD /* Build configuration list for PBXNativeTarget "JP Apex Predators" */ = {
			isa = XCConfigurationList;
			buildConfigurations = (
				8447D0762B5DCA3E00650BDD /* Debug */,
				8447D0772B5DCA3E00650BDD /* Release */,
			);
			defaultConfigurationIsVisible = 0;
			defaultConfigurationName = Release;
		};
		84C51F672B64C51E009A45E9 /* Build configuration list for PBXNativeTarget "ApexStickers" */ = {
			isa = XCConfigurationList;
			buildConfigurations = (
				84C51F682B64C51E009A45E9 /* Debug */,
				84C51F692B64C51E009A45E9 /* Release */,
			);
			defaultConfigurationIsVisible = 0;
			defaultConfigurationName = Release;
		};
/* End XCConfigurationList section */

/* Begin XCRemoteSwiftPackageReference section */
		84B91D702B74919B007508CE /* XCRemoteSwiftPackageReference "Subsonic" */ = {
			isa = XCRemoteSwiftPackageReference;
			repositoryURL = "https://github.com/twostraws/Subsonic";
			requirement = {
				kind = upToNextMajorVersion;
				minimumVersion = 0.2.0;
			};
		};
/* End XCRemoteSwiftPackageReference section */

/* Begin XCSwiftPackageProductDependency section */
		84B91D712B74919B007508CE /* Subsonic */ = {
			isa = XCSwiftPackageProductDependency;
			package = 84B91D702B74919B007508CE /* XCRemoteSwiftPackageReference "Subsonic" */;
			productName = Subsonic;
		};
/* End XCSwiftPackageProductDependency section */
	};
	rootObject = 8447D05E2B5DCA3800650BDD /* Project object */;
}
