{
  "originHash" : "38835d0b21b12ba83ec5b2dcd40cf14a7b713536fc75f172d2fbb2b5c884a6d3",
  "pins" : [
    {
      "identity" : "subsonic",
      "kind" : "remoteSourceControl",
      "location" : "https://github.com/twostraws/Subsonic",
      "state" : {
        "revision" : "156c5742279df5d2315e29534a2410f418c8a772",
        "version" : "0.2.0"
      }
    },
    {
      "identity" : "swiftui-cached-async-image",
      "kind" : "remoteSourceControl",
      "location" : "https://github.com/lorenzofiamingo/swiftui-cached-async-image",
      "state" : {
        "revision" : "467a3d17479887943ab917a379e62bbaff60ac8a",
        "version" : "2.1.1"
      }
    }
  ],
  "version" : 3
}
